
Microsoft Visual Studio Solution File, Format Version 12.00
# Visual Studio 14
VisualStudioVersion = 14.0.25420.1
MinimumVisualStudioVersion = 10.0.40219.1
Project("{8BC9CEB8-8B4A-11D0-8D11-00A0C91BC942}") = "PipelineTest", "API\PipelineTest\PipelineTest.vcxproj", "{27D5FDB8-3AC1-4A08-ACED-6ACA06341C02}"
	ProjectSection(ProjectDependencies) = postProject
		{C3EDC80C-355E-4F7A-992D-D39C3392C467} = {C3EDC80C-355E-4F7A-992D-D39C3392C467}
		{E16DDA60-3E14-4E06-92DC-2F28832E7D88} = {E16DDA60-3E14-4E06-92DC-2F28832E7D88}
		{3089C87E-4907-404B-95A8-8CDD56401895} = {3089C87E-4907-404B-95A8-8CDD56401895}
		{6C3741BB-19CF-43EA-9166-8FF7C9F47AAD} = {6C3741BB-19CF-43EA-9166-8FF7C9F47AAD}
		{717ED6E0-CA8D-4FAE-A3F8-AD4FB741B9E1} = {717ED6E0-CA8D-4FAE-A3F8-AD4FB741B9E1}
		{230C76EE-C0FE-4F6D-B567-9629019003F1} = {230C76EE-C0FE-4F6D-B567-9629019003F1}
	EndProjectSection
EndProject
Project("{8BC9CEB8-8B4A-11D0-8D11-00A0C91BC942}") = "Yap", "API\Yap\Yap.vcxproj", "{C3EDC80C-355E-4F7A-992D-D39C3392C467}"
	ProjectSection(ProjectDependencies) = postProject
		{E16DDA60-3E14-4E06-92DC-2F28832E7D88} = {E16DDA60-3E14-4E06-92DC-2F28832E7D88}
		{6C3741BB-19CF-43EA-9166-8FF7C9F47AAD} = {6C3741BB-19CF-43EA-9166-8FF7C9F47AAD}
		{717ED6E0-CA8D-4FAE-A3F8-AD4FB741B9E1} = {717ED6E0-CA8D-4FAE-A3F8-AD4FB741B9E1}
	EndProjectSection
EndProject
Project("{8BC9CEB8-8B4A-11D0-8D11-00A0C91BC942}") = "PipelineUnitTests", "API\UnitTests\PipelineUnitTests.vcxproj", "{A4B88921-361F-406D-A923-79250104BD33}"
	ProjectSection(ProjectDependencies) = postProject
		{C3EDC80C-355E-4F7A-992D-D39C3392C467} = {C3EDC80C-355E-4F7A-992D-D39C3392C467}
		{3089C87E-4907-404B-95A8-8CDD56401895} = {3089C87E-4907-404B-95A8-8CDD56401895}
		{6C3741BB-19CF-43EA-9166-8FF7C9F47AAD} = {6C3741BB-19CF-43EA-9166-8FF7C9F47AAD}
	EndProjectSection
EndProject
Project("{8BC9CEB8-8B4A-11D0-8D11-00A0C91BC942}") = "BasicRecon", "PluginSDK\BasicRecon\BasicRecon.vcxproj", "{230C76EE-C0FE-4F6D-B567-9629019003F1}"
	ProjectSection(ProjectDependencies) = postProject
		{E16DDA60-3E14-4E06-92DC-2F28832E7D88} = {E16DDA60-3E14-4E06-92DC-2F28832E7D88}
		{3089C87E-4907-404B-95A8-8CDD56401895} = {3089C87E-4907-404B-95A8-8CDD56401895}
		{6C3741BB-19CF-43EA-9166-8FF7C9F47AAD} = {6C3741BB-19CF-43EA-9166-8FF7C9F47AAD}
		{717ED6E0-CA8D-4FAE-A3F8-AD4FB741B9E1} = {717ED6E0-CA8D-4FAE-A3F8-AD4FB741B9E1}
	EndProjectSection
EndProject
Project("{8BC9CEB8-8B4A-11D0-8D11-00A0C91BC942}") = "Interface", "Shared\Interface\Interface.vcxproj", "{6C3741BB-19CF-43EA-9166-8FF7C9F47AAD}"
EndProject
Project("{8BC9CEB8-8B4A-11D0-8D11-00A0C91BC942}") = "Utilities", "Shared\Utilities\Utilities.vcxproj", "{E16DDA60-3E14-4E06-92DC-2F28832E7D88}"
EndProject
Project("{2150E333-8FDC-42A3-9474-1A3956D46DE8}") = "Shared", "Shared", "{C80BD7F4-8B6F-4611-9D0A-D258E0C1F832}"
EndProject
Project("{2150E333-8FDC-42A3-9474-1A3956D46DE8}") = "Yap", "Yap", "{BABF87BA-6211-4482-8850-FAA0C5F2108E}"
EndProject
Project("{2150E333-8FDC-42A3-9474-1A3956D46DE8}") = "PluginSdk", "PluginSdk", "{1382F3A8-A1EE-4685-9550-77A39E95E6B8}"
EndProject
Project("{8BC9CEB8-8B4A-11D0-8D11-00A0C91BC942}") = "Implement", "Shared\Implement\Implement.vcxproj", "{717ED6E0-CA8D-4FAE-A3F8-AD4FB741B9E1}"
EndProject
Project("{8BC9CEB8-8B4A-11D0-8D11-00A0C91BC942}") = "Client", "Shared\Client\Client.vcxproj", "{3089C87E-4907-404B-95A8-8CDD56401895}"
EndProject
Project("{8BC9CEB8-8B4A-11D0-8D11-00A0C91BC942}") = "PythonImplement", "Shared\PythonImplement\PythonImplement.vcxproj", "{AB13E8EA-58BA-4DA9-AF3C-8A21C6B9B550}"
EndProject
Project("{8BC9CEB8-8B4A-11D0-8D11-00A0C91BC942}") = "PythonRecon", "PluginSDK\PythonRecon\PythonRecon.vcxproj", "{38F40C9F-0611-4975-A51D-792BC8DB64C4}"
	ProjectSection(ProjectDependencies) = postProject
		{E16DDA60-3E14-4E06-92DC-2F28832E7D88} = {E16DDA60-3E14-4E06-92DC-2F28832E7D88}
		{3089C87E-4907-404B-95A8-8CDD56401895} = {3089C87E-4907-404B-95A8-8CDD56401895}
		{6C3741BB-19CF-43EA-9166-8FF7C9F47AAD} = {6C3741BB-19CF-43EA-9166-8FF7C9F47AAD}
		{717ED6E0-CA8D-4FAE-A3F8-AD4FB741B9E1} = {717ED6E0-CA8D-4FAE-A3F8-AD4FB741B9E1}
		{AB13E8EA-58BA-4DA9-AF3C-8A21C6B9B550} = {AB13E8EA-58BA-4DA9-AF3C-8A21C6B9B550}
		{230C76EE-C0FE-4F6D-B567-9629019003F1} = {230C76EE-C0FE-4F6D-B567-9629019003F1}
	EndProjectSection
EndProject
Global
	GlobalSection(SolutionConfigurationPlatforms) = preSolution
		Debug|x64 = Debug|x64
		Debug|x86 = Debug|x86
		Release|x64 = Release|x64
		Release|x86 = Release|x86
	EndGlobalSection
	GlobalSection(ProjectConfigurationPlatforms) = postSolution
		{27D5FDB8-3AC1-4A08-ACED-6ACA06341C02}.Debug|x64.ActiveCfg = Debug|x64
		{27D5FDB8-3AC1-4A08-ACED-6ACA06341C02}.Debug|x64.Build.0 = Debug|x64
		{27D5FDB8-3AC1-4A08-ACED-6ACA06341C02}.Debug|x86.ActiveCfg = Debug|Win32
		{27D5FDB8-3AC1-4A08-ACED-6ACA06341C02}.Debug|x86.Build.0 = Debug|Win32
		{27D5FDB8-3AC1-4A08-ACED-6ACA06341C02}.Release|x64.ActiveCfg = Release|x64
		{27D5FDB8-3AC1-4A08-ACED-6ACA06341C02}.Release|x64.Build.0 = Release|x64
		{27D5FDB8-3AC1-4A08-ACED-6ACA06341C02}.Release|x86.ActiveCfg = Release|Win32
		{27D5FDB8-3AC1-4A08-ACED-6ACA06341C02}.Release|x86.Build.0 = Release|Win32
		{C3EDC80C-355E-4F7A-992D-D39C3392C467}.Debug|x64.ActiveCfg = Debug|x64
		{C3EDC80C-355E-4F7A-992D-D39C3392C467}.Debug|x64.Build.0 = Debug|x64
		{C3EDC80C-355E-4F7A-992D-D39C3392C467}.Debug|x86.ActiveCfg = Debug|Win32
		{C3EDC80C-355E-4F7A-992D-D39C3392C467}.Debug|x86.Build.0 = Debug|Win32
		{C3EDC80C-355E-4F7A-992D-D39C3392C467}.Release|x64.ActiveCfg = Release|x64
		{C3EDC80C-355E-4F7A-992D-D39C3392C467}.Release|x64.Build.0 = Release|x64
		{C3EDC80C-355E-4F7A-992D-D39C3392C467}.Release|x86.ActiveCfg = Release|Win32
		{C3EDC80C-355E-4F7A-992D-D39C3392C467}.Release|x86.Build.0 = Release|Win32
		{A4B88921-361F-406D-A923-79250104BD33}.Debug|x64.ActiveCfg = Debug|x64
		{A4B88921-361F-406D-A923-79250104BD33}.Debug|x64.Build.0 = Debug|x64
		{A4B88921-361F-406D-A923-79250104BD33}.Debug|x86.ActiveCfg = Debug|Win32
		{A4B88921-361F-406D-A923-79250104BD33}.Debug|x86.Build.0 = Debug|Win32
		{A4B88921-361F-406D-A923-79250104BD33}.Release|x64.ActiveCfg = Release|x64
		{A4B88921-361F-406D-A923-79250104BD33}.Release|x64.Build.0 = Release|x64
		{A4B88921-361F-406D-A923-79250104BD33}.Release|x86.ActiveCfg = Release|Win32
		{A4B88921-361F-406D-A923-79250104BD33}.Release|x86.Build.0 = Release|Win32
		{230C76EE-C0FE-4F6D-B567-9629019003F1}.Debug|x64.ActiveCfg = Debug|x64
		{230C76EE-C0FE-4F6D-B567-9629019003F1}.Debug|x64.Build.0 = Debug|x64
		{230C76EE-C0FE-4F6D-B567-9629019003F1}.Debug|x86.ActiveCfg = Debug|Win32
		{230C76EE-C0FE-4F6D-B567-9629019003F1}.Debug|x86.Build.0 = Debug|Win32
		{230C76EE-C0FE-4F6D-B567-9629019003F1}.Release|x64.ActiveCfg = Release|x64
		{230C76EE-C0FE-4F6D-B567-9629019003F1}.Release|x64.Build.0 = Release|x64
		{230C76EE-C0FE-4F6D-B567-9629019003F1}.Release|x86.ActiveCfg = Release|Win32
		{230C76EE-C0FE-4F6D-B567-9629019003F1}.Release|x86.Build.0 = Release|Win32
		{6C3741BB-19CF-43EA-9166-8FF7C9F47AAD}.Debug|x64.ActiveCfg = Debug|x64
		{6C3741BB-19CF-43EA-9166-8FF7C9F47AAD}.Debug|x64.Build.0 = Debug|x64
		{6C3741BB-19CF-43EA-9166-8FF7C9F47AAD}.Debug|x86.ActiveCfg = Debug|Win32
		{6C3741BB-19CF-43EA-9166-8FF7C9F47AAD}.Debug|x86.Build.0 = Debug|Win32
		{6C3741BB-19CF-43EA-9166-8FF7C9F47AAD}.Release|x64.ActiveCfg = Release|x64
		{6C3741BB-19CF-43EA-9166-8FF7C9F47AAD}.Release|x64.Build.0 = Release|x64
		{6C3741BB-19CF-43EA-9166-8FF7C9F47AAD}.Release|x86.ActiveCfg = Release|Win32
		{6C3741BB-19CF-43EA-9166-8FF7C9F47AAD}.Release|x86.Build.0 = Release|Win32
		{E16DDA60-3E14-4E06-92DC-2F28832E7D88}.Debug|x64.ActiveCfg = Debug|x64
		{E16DDA60-3E14-4E06-92DC-2F28832E7D88}.Debug|x64.Build.0 = Debug|x64
		{E16DDA60-3E14-4E06-92DC-2F28832E7D88}.Debug|x86.ActiveCfg = Debug|Win32
		{E16DDA60-3E14-4E06-92DC-2F28832E7D88}.Debug|x86.Build.0 = Debug|Win32
		{E16DDA60-3E14-4E06-92DC-2F28832E7D88}.Release|x64.ActiveCfg = Release|x64
		{E16DDA60-3E14-4E06-92DC-2F28832E7D88}.Release|x64.Build.0 = Release|x64
		{E16DDA60-3E14-4E06-92DC-2F28832E7D88}.Release|x86.ActiveCfg = Release|Win32
		{E16DDA60-3E14-4E06-92DC-2F28832E7D88}.Release|x86.Build.0 = Release|Win32
		{717ED6E0-CA8D-4FAE-A3F8-AD4FB741B9E1}.Debug|x64.ActiveCfg = Debug|x64
		{717ED6E0-CA8D-4FAE-A3F8-AD4FB741B9E1}.Debug|x64.Build.0 = Debug|x64
		{717ED6E0-CA8D-4FAE-A3F8-AD4FB741B9E1}.Debug|x86.ActiveCfg = Debug|Win32
		{717ED6E0-CA8D-4FAE-A3F8-AD4FB741B9E1}.Debug|x86.Build.0 = Debug|Win32
		{717ED6E0-CA8D-4FAE-A3F8-AD4FB741B9E1}.Release|x64.ActiveCfg = Release|x64
		{717ED6E0-CA8D-4FAE-A3F8-AD4FB741B9E1}.Release|x64.Build.0 = Release|x64
		{717ED6E0-CA8D-4FAE-A3F8-AD4FB741B9E1}.Release|x86.ActiveCfg = Release|Win32
		{717ED6E0-CA8D-4FAE-A3F8-AD4FB741B9E1}.Release|x86.Build.0 = Release|Win32
		{3089C87E-4907-404B-95A8-8CDD56401895}.Debug|x64.ActiveCfg = Debug|x64
		{3089C87E-4907-404B-95A8-8CDD56401895}.Debug|x64.Build.0 = Debug|x64
		{3089C87E-4907-404B-95A8-8CDD56401895}.Debug|x86.ActiveCfg = Debug|Win32
		{3089C87E-4907-404B-95A8-8CDD56401895}.Debug|x86.Build.0 = Debug|Win32
		{3089C87E-4907-404B-95A8-8CDD56401895}.Release|x64.ActiveCfg = Release|x64
		{3089C87E-4907-404B-95A8-8CDD56401895}.Release|x64.Build.0 = Release|x64
		{3089C87E-4907-404B-95A8-8CDD56401895}.Release|x86.ActiveCfg = Release|Win32
		{3089C87E-4907-404B-95A8-8CDD56401895}.Release|x86.Build.0 = Release|Win32
		{AB13E8EA-58BA-4DA9-AF3C-8A21C6B9B550}.Debug|x64.ActiveCfg = Debug|x64
		{AB13E8EA-58BA-4DA9-AF3C-8A21C6B9B550}.Debug|x64.Build.0 = Debug|x64
		{AB13E8EA-58BA-4DA9-AF3C-8A21C6B9B550}.Debug|x86.ActiveCfg = Debug|Win32
		{AB13E8EA-58BA-4DA9-AF3C-8A21C6B9B550}.Debug|x86.Build.0 = Debug|Win32
		{AB13E8EA-58BA-4DA9-AF3C-8A21C6B9B550}.Release|x64.ActiveCfg = Release|x64
		{AB13E8EA-58BA-4DA9-AF3C-8A21C6B9B550}.Release|x64.Build.0 = Release|x64
		{AB13E8EA-58BA-4DA9-AF3C-8A21C6B9B550}.Release|x86.ActiveCfg = Release|Win32
		{AB13E8EA-58BA-4DA9-AF3C-8A21C6B9B550}.Release|x86.Build.0 = Release|Win32
		{38F40C9F-0611-4975-A51D-792BC8DB64C4}.Debug|x64.ActiveCfg = Debug|x64
		{38F40C9F-0611-4975-A51D-792BC8DB64C4}.Debug|x64.Build.0 = Debug|x64
		{38F40C9F-0611-4975-A51D-792BC8DB64C4}.Debug|x86.ActiveCfg = Debug|Win32
		{38F40C9F-0611-4975-A51D-792BC8DB64C4}.Debug|x86.Build.0 = Debug|Win32
		{38F40C9F-0611-4975-A51D-792BC8DB64C4}.Release|x64.ActiveCfg = Release|x64
		{38F40C9F-0611-4975-A51D-792BC8DB64C4}.Release|x64.Build.0 = Release|x64
		{38F40C9F-0611-4975-A51D-792BC8DB64C4}.Release|x86.ActiveCfg = Release|Win32
		{38F40C9F-0611-4975-A51D-792BC8DB64C4}.Release|x86.Build.0 = Release|Win32
	EndGlobalSection
	GlobalSection(SolutionProperties) = preSolution
		HideSolutionNode = FALSE
	EndGlobalSection
	GlobalSection(NestedProjects) = preSolution
		{27D5FDB8-3AC1-4A08-ACED-6ACA06341C02} = {BABF87BA-6211-4482-8850-FAA0C5F2108E}
		{C3EDC80C-355E-4F7A-992D-D39C3392C467} = {BABF87BA-6211-4482-8850-FAA0C5F2108E}
		{A4B88921-361F-406D-A923-79250104BD33} = {BABF87BA-6211-4482-8850-FAA0C5F2108E}
		{230C76EE-C0FE-4F6D-B567-9629019003F1} = {1382F3A8-A1EE-4685-9550-77A39E95E6B8}
		{6C3741BB-19CF-43EA-9166-8FF7C9F47AAD} = {C80BD7F4-8B6F-4611-9D0A-D258E0C1F832}
		{E16DDA60-3E14-4E06-92DC-2F28832E7D88} = {C80BD7F4-8B6F-4611-9D0A-D258E0C1F832}
		{717ED6E0-CA8D-4FAE-A3F8-AD4FB741B9E1} = {C80BD7F4-8B6F-4611-9D0A-D258E0C1F832}
		{3089C87E-4907-404B-95A8-8CDD56401895} = {C80BD7F4-8B6F-4611-9D0A-D258E0C1F832}
		{AB13E8EA-58BA-4DA9-AF3C-8A21C6B9B550} = {C80BD7F4-8B6F-4611-9D0A-D258E0C1F832}
		{38F40C9F-0611-4975-A51D-792BC8DB64C4} = {1382F3A8-A1EE-4685-9550-77A39E95E6B8}
	EndGlobalSection
EndGlobal
