<?xml version="1.0" encoding="utf-8"?>
<Project xmlns="http://schemas.microsoft.com/developer/msbuild/2003">
  <ItemGroup>
    <Filter Include="Form Files">
      <UniqueIdentifier>{99349809-55BA-4b9d-BF79-8FDBB0286EB3}</UniqueIdentifier>
      <Extensions>ui</Extensions>
      <ParseFiles>false</ParseFiles>
    </Filter>
    <Filter Include="Form Files">
      <UniqueIdentifier>{99349809-55BA-4b9d-BF79-8FDBB0286EB3}</UniqueIdentifier>
      <Extensions>ui</Extensions>
      <ParseFiles>false</ParseFiles>
    </Filter>
    <Filter Include="Generated Files">
      <UniqueIdentifier>{71ED8ED8-ACB9-4CE9-BBE1-E00B30144E11}</UniqueIdentifier>
      <Extensions>cpp;c;cxx;moc;h;def;odl;idl;res;</Extensions>
    </Filter>
    <Filter Include="Generated Files">
      <UniqueIdentifier>{71ED8ED8-ACB9-4CE9-BBE1-E00B30144E11}</UniqueIdentifier>
      <Extensions>cpp;c;cxx;moc;h;def;odl;idl;res;</Extensions>
    </Filter>
    <Filter Include="Header Files">
      <UniqueIdentifier>{93995380-89BD-4b04-88EB-625FBE52EBFB}</UniqueIdentifier>
      <Extensions>h;hpp;hxx;hm;inl;inc;xsd</Extensions>
    </Filter>
    <Filter Include="Header Files">
      <UniqueIdentifier>{93995380-89BD-4b04-88EB-625FBE52EBFB}</UniqueIdentifier>
      <Extensions>h;hpp;hxx;hm;inl;inc;xsd</Extensions>
    </Filter>
    <Filter Include="Source Files">
      <UniqueIdentifier>{4FC737F1-C7A5-4376-A066-2A32D752A2FF}</UniqueIdentifier>
      <Extensions>cpp;c;cxx;def;odl;idl;hpj;bat;asm;asmx</Extensions>
    </Filter>
    <Filter Include="Source Files">
      <UniqueIdentifier>{4FC737F1-C7A5-4376-A066-2A32D752A2FF}</UniqueIdentifier>
      <Extensions>cpp;c;cxx;def;odl;idl;hpj;bat;asm;asmx</Extensions>
    </Filter>
  </ItemGroup>
  <ItemGroup>
    <ClCompile Include="Reactor\ConnectionHandler.cpp">
      <Filter>Source Files</Filter>
    </ClCompile>
    <ClCompile Include="QtUtilities\DataWatch.cpp">
      <Filter>Source Files</Filter>
    </ClCompile>
    <ClCompile Include="Processors\Display1D.cpp">
      <Filter>Source Files</Filter>
    </ClCompile>
    <ClCompile Include="Processors\Display2D.cpp">
      <Filter>Source Files</Filter>
    </ClCompile>
    <ClCompile Include="QtUtilities\FormatString.cpp">
      <Filter>Source Files</Filter>
    </ClCompile>
    <ClCompile Include="Geometry\Line3D.cpp">
      <Filter>Source Files</Filter>
    </ClCompile>
    <ClCompile Include="Reactor\ListenHandler.cpp">
      <Filter>Source Files</Filter>
    </ClCompile>
    <ClCompile Include="Geometry\Matrix33.cpp">
      <Filter>Source Files</Filter>
    </ClCompile>
    <ClCompile Include="MessagePack\MsgPackBufferSocketIO.cpp">
      <Filter>Source Files</Filter>
    </ClCompile>
    <ClCompile Include="Geometry\Plane.cpp">
      <Filter>Source Files</Filter>
    </ClCompile>
    <ClCompile Include="ProcessorlineManager.cpp">
      <Filter>Source Files</Filter>
    </ClCompile>
    <ClCompile Include="QDataEvent.cpp">
      <Filter>Source Files</Filter>
    </ClCompile>
    <ClCompile Include="Processors\Rawdata.cpp">
      <Filter>Source Files</Filter>
    </ClCompile>
    <ClCompile Include="Reactor\Reactor.cpp">
      <Filter>Source Files</Filter>
    </ClCompile>
    <ClCompile Include="Reactor\ReactorImpl.cpp">
      <Filter>Source Files</Filter>
    </ClCompile>
    <ClCompile Include="Processors\ReceiveData.cpp">
      <Filter>Source Files</Filter>
    </ClCompile>
    <ClCompile Include="Geometry\Rect2D.cpp">
      <Filter>Source Files</Filter>
    </ClCompile>
    <ClCompile Include="Geometry\Rect3D.cpp">
      <Filter>Source Files</Filter>
    </ClCompile>
    <ClCompile Include="MessagePack\SampleDataProtocol.cpp">
      <Filter>Source Files</Filter>
    </ClCompile>
    <ClCompile Include="Reactor\SampleDataServer.cpp">
      <Filter>Source Files</Filter>
    </ClCompile>
    <ClCompile Include="Geometry\Segment2D.cpp">
      <Filter>Source Files</Filter>
    </ClCompile>
    <ClCompile Include="Geometry\Segment3D.cpp">
      <Filter>Source Files</Filter>
    </ClCompile>
    <ClCompile Include="Reactor\WindowsDemultiplexer.cpp">
      <Filter>Source Files</Filter>
    </ClCompile>
    <ClCompile Include="Geometry\algorithm.cpp">
      <Filter>Source Files</Filter>
    </ClCompile>
    <ClCompile Include="Geometry\cmatrix44.cpp">
      <Filter>Source Files</Filter>
    </ClCompile>
    <ClCompile Include="QtUtilities\commonmethod.cpp">
      <Filter>Source Files</Filter>
    </ClCompile>
    <ClCompile Include="MessagePack\datapackage.cpp">
      <Filter>Source Files</Filter>
    </ClCompile>
    <ClCompile Include="grayscalemapper.cpp">
      <Filter>Source Files</Filter>
    </ClCompile>
    <ClCompile Include="imagelayoutwidget.cpp">
      <Filter>Source Files</Filter>
    </ClCompile>
    <ClCompile Include="imageobject.cpp">
      <Filter>Source Files</Filter>
    </ClCompile>
    <ClCompile Include="imagewidget.cpp">
      <Filter>Source Files</Filter>
    </ClCompile>
    <ClCompile Include="imagewindowmapper.cpp">
      <Filter>Source Files</Filter>
    </ClCompile>
    <ClCompile Include="main.cpp">
      <Filter>Source Files</Filter>
    </ClCompile>
    <ClCompile Include="mainwindow.cpp">
      <Filter>Source Files</Filter>
    </ClCompile>
    <ClCompile Include="plot1d.cpp">
      <Filter>Source Files</Filter>
    </ClCompile>
    <ClCompile Include="MessagePack\reconclientsocket.cpp">
      <Filter>Source Files</Filter>
    </ClCompile>
    <ClCompile Include="rectcalc.cpp">
      <Filter>Source Files</Filter>
    </ClCompile>
  </ItemGroup>
  <ItemGroup>
    <ClInclude Include="Geometry\Angle.h">
      <Filter>Header Files</Filter>
    </ClInclude>
    <ClInclude Include="MessagePack\CmrPackItemTypeHelper.h">
      <Filter>Header Files</Filter>
    </ClInclude>
    <ClInclude Include="MessagePack\CmrPackType.h">
      <Filter>Header Files</Filter>
    </ClInclude>
    <ClInclude Include="Reactor\ConnectionHandler.h">
      <Filter>Header Files</Filter>
    </ClInclude>
    <ClInclude Include="QtUtilities\DataWatch.h">
      <Filter>Header Files</Filter>
    </ClInclude>
    <ClInclude Include="Processors\Display1D.h">
      <Filter>Header Files</Filter>
    </ClInclude>
    <ClInclude Include="Processors\Display2D.h">
      <Filter>Header Files</Filter>
    </ClInclude>
    <ClInclude Include="Reactor\EventDemultiplexer.h">
      <Filter>Header Files</Filter>
    </ClInclude>
    <ClInclude Include="Reactor\EventHandler.h">
      <Filter>Header Files</Filter>
    </ClInclude>
    <ClInclude Include="QtUtilities\FormatString.h">
      <Filter>Header Files</Filter>
    </ClInclude>
    <ClInclude Include="Reactor\ICommandHandler.h">
      <Filter>Header Files</Filter>
    </ClInclude>
    <ClInclude Include="Geometry\Line3D.h">
      <Filter>Header Files</Filter>
    </ClInclude>
    <ClInclude Include="Reactor\ListenHandler.h">
      <Filter>Header Files</Filter>
    </ClInclude>
    <ClInclude Include="Geometry\Matrix33.h">
      <Filter>Header Files</Filter>
    </ClInclude>
    <ClInclude Include="MessagePack\MsgPackBufferSocketIO.h">
      <Filter>Header Files</Filter>
    </ClInclude>
    <ClInclude Include="Geometry\Plane.h">
      <Filter>Header Files</Filter>
    </ClInclude>
    <ClInclude Include="ProcessorlineManager.h">
      <Filter>Header Files</Filter>
    </ClInclude>
    <ClInclude Include="QDataEvent.h">
      <Filter>Header Files</Filter>
    </ClInclude>
    <ClInclude Include="Processors\Rawdata.h">
      <Filter>Header Files</Filter>
    </ClInclude>
    <ClInclude Include="Reactor\Reactor.h">
      <Filter>Header Files</Filter>
    </ClInclude>
    <ClInclude Include="Reactor\ReactorImpl.h">
      <Filter>Header Files</Filter>
    </ClInclude>
    <ClInclude Include="Processors\ReceiveData.h">
      <Filter>Header Files</Filter>
    </ClInclude>
    <ClInclude Include="Geometry\Rect2D.h">
      <Filter>Header Files</Filter>
    </ClInclude>
    <ClInclude Include="Geometry\Rect3D.h">
      <Filter>Header Files</Filter>
    </ClInclude>
    <ClInclude Include="MessagePack\SampleDataProtocol.h">
      <Filter>Header Files</Filter>
    </ClInclude>
    <ClInclude Include="Reactor\SampleDataServer.h">
      <Filter>Header Files</Filter>
    </ClInclude>
    <ClInclude Include="Geometry\Segment2D.h">
      <Filter>Header Files</Filter>
    </ClInclude>
    <ClInclude Include="Geometry\Segment3D.h">
      <Filter>Header Files</Filter>
    </ClInclude>
    <ClInclude Include="StringHelper.h">
      <Filter>Header Files</Filter>
    </ClInclude>
    <ClInclude Include="Reactor\WindowsDemultiplexer.h">
      <Filter>Header Files</Filter>
    </ClInclude>
    <ClInclude Include="Geometry\algorithm.h">
      <Filter>Header Files</Filter>
    </ClInclude>
    <ClInclude Include="Geometry\cmatrix44.h">
      <Filter>Header Files</Filter>
    </ClInclude>
    <ClInclude Include="QtUtilities\commonmethod.h">
      <Filter>Header Files</Filter>
    </ClInclude>
    <ClInclude Include="MessagePack\datapackage.h">
      <Filter>Header Files</Filter>
    </ClInclude>
    <ClInclude Include="Geometry\geometry.h">
      <Filter>Header Files</Filter>
    </ClInclude>
    <ClInclude Include="grayscalemapper.h">
      <Filter>Header Files</Filter>
    </ClInclude>
    <CustomBuild Include="imagelayoutwidget.h">
      <Filter>Header Files</Filter>
    </CustomBuild>
    <ClInclude Include="imageobject.h">
      <Filter>Header Files</Filter>
    </ClInclude>
    <CustomBuild Include="imagewidget.h">
      <Filter>Header Files</Filter>
    </CustomBuild>
    <ClInclude Include="imagewindowmapper.h">
      <Filter>Header Files</Filter>
    </ClInclude>
    <CustomBuild Include="mainwindow.h">
      <Filter>Header Files</Filter>
    </CustomBuild>
    <CustomBuild Include="plot1d.h">
      <Filter>Header Files</Filter>
    </CustomBuild>
    <ClInclude Include="MessagePack\reconclientsocket.h">
      <Filter>Header Files</Filter>
    </ClInclude>
    <ClInclude Include="rectcalc.h">
      <Filter>Header Files</Filter>
    </ClInclude>
  </ItemGroup>
  <ItemGroup>
    <ClCompile Include="debug\moc_imagelayoutwidget.cpp">
      <Filter>Generated Files</Filter>
    </ClCompile>
    <ClCompile Include="release\moc_imagelayoutwidget.cpp">
      <Filter>Generated Files</Filter>
    </ClCompile>
    <ClCompile Include="debug\moc_imagewidget.cpp">
      <Filter>Generated Files</Filter>
    </ClCompile>
    <ClCompile Include="release\moc_imagewidget.cpp">
      <Filter>Generated Files</Filter>
    </ClCompile>
    <ClCompile Include="debug\moc_mainwindow.cpp">
      <Filter>Generated Files</Filter>
    </ClCompile>
    <ClCompile Include="release\moc_mainwindow.cpp">
      <Filter>Generated Files</Filter>
    </ClCompile>
    <ClCompile Include="debug\moc_plot1d.cpp">
      <Filter>Generated Files</Filter>
    </ClCompile>
    <ClCompile Include="release\moc_plot1d.cpp">
      <Filter>Generated Files</Filter>
    </ClCompile>
    <CustomBuild Include="debug\moc_predefs.h.cbt">
      <Filter>Generated Files</Filter>
    </CustomBuild>
    <CustomBuild Include="release\moc_predefs.h.cbt">
      <Filter>Generated Files</Filter>
    </CustomBuild>
    <ClInclude Include="ui_mainwindow.h">
      <Filter>Generated Files</Filter>
    </ClInclude>
  </ItemGroup>
  <ItemGroup>
    <CustomBuild Include="mainwindow.ui">
      <Filter>Form Files</Filter>
    </CustomBuild>
  </ItemGroup>
</Project>