<?xml version="1.0" encoding="utf-8"?>
<Project ToolsVersion="4.0" xmlns="http://schemas.microsoft.com/developer/msbuild/2003">
  <ItemGroup>
    <ClCompile Include="..\Interface\ReconData.cpp" />
    <ClCompile Include="BasicRecon.cpp" />
    <ClCompile Include="DataHelper.cpp" />
    <ClCompile Include="dllmain.cpp" />
    <ClCompile Include="Fft1D.cpp" />
    <ClCompile Include="Fft2D.cpp" />
    <ClCompile Include="ProcessorImp.cpp" />
    <ClCompile Include="stdafx.cpp" />
    <ClCompile Include="Grappa.cpp" />
    <ClCompile Include="ZeroFilling.cpp" />
    <ClCompile Include="ComplexSplitter.cpp" />
    <ClCompile Include="RemoveDC.cpp" />
    <ClCompile Include="ModulePhase.cpp" />
    <ClCompile Include="ProcessorManagerImp.cpp" />
  </ItemGroup>
  <ItemGroup>
    <ClInclude Include="DataHelper.h" />
    <ClInclude Include="Fft1D.h" />
    <ClInclude Include="Fft2D.h" />
    <ClInclude Include="ProcessorImp.h" />
    <ClInclude Include="stdafx.h" />
    <ClInclude Include="targetver.h" />
    <ClInclude Include="Grappa.h" />
    <ClInclude Include="ZeroFilling.h" />
    <ClInclude Include="ComplexSplitter.h" />
    <ClInclude Include="RemoveDC.h" />
    <ClInclude Include="ModulePhase.h" />
    <ClInclude Include="ProcessorManagerImp.h" />
  </ItemGroup>
  <ItemGroup>
    <Text Include="ReadMe.txt" />
  </ItemGroup>
</Project>