<?xml version="1.0" encoding="utf-8"?>
<Project ToolsVersion="4.0" xmlns="http://schemas.microsoft.com/developer/msbuild/2003">
  <ItemGroup>
    <ClCompile Include="BasicRecon.cpp" />
    <ClCompile Include="ChannelMerger.cpp" />
    <ClCompile Include="CmrDataReader.cpp" />
    <ClCompile Include="ComplexSplitter.cpp" />
    <ClCompile Include="DcRemover.cpp" />
    <ClCompile Include="Difference.cpp" />
    <ClCompile Include="dllmain.cpp" />
    <ClCompile Include="Fft1D.cpp" />
    <ClCompile Include="Fft2D.cpp" />
    <ClCompile Include="Grappa.cpp" />
    <ClCompile Include="JpegExporter.cpp" />
    <ClCompile Include="ModulePhase.cpp" />
    <ClCompile Include="NiumagFidReader.cpp" />
    <ClCompile Include="NiumagImgReader.cpp" />
    <ClCompile Include="SamplingMaskCreator.cpp" />
    <ClCompile Include="SliceIterator.cpp" />
    <ClCompile Include="SliceSelector.cpp" />
    <ClCompile Include="stdafx.cpp" />
    <ClCompile Include="ZeroFilling.cpp" />
  </ItemGroup>
  <ItemGroup>
    <ClInclude Include="Algorithm2DWrapper.h" />
    <ClInclude Include="ChannelMerger.h" />
    <ClInclude Include="CmrDataReader.h" />
    <ClInclude Include="ComplexSplitter.h" />
    <ClInclude Include="DcRemover.h" />
    <ClInclude Include="Difference.h" />
    <ClInclude Include="Fft1D.h" />
    <ClInclude Include="Fft2D.h" />
    <ClInclude Include="Grappa.h" />
    <ClInclude Include="imageProcessing.h" />
    <ClInclude Include="JpegExporter.h" />
    <ClInclude Include="ModulePhase.h" />
    <ClInclude Include="NiumagFidReader.h" />
    <ClInclude Include="NiumagImgReader.h" />
    <ClInclude Include="SamplingMaskCreator.h" />
    <ClInclude Include="SliceIterator.h" />
    <ClInclude Include="SliceSelector.h" />
    <ClInclude Include="stdafx.h" />
    <ClInclude Include="targetver.h" />
    <ClInclude Include="ZeroFilling.h" />
  </ItemGroup>
  <ItemGroup>
    <None Include="packages.config" />
  </ItemGroup>
</Project>